
Microsoft Visual Studio Solution File, Format Version 12.00
# Visual Studio Version 16
VisualStudioVersion = 16.0.29806.167
MinimumVisualStudioVersion = 10.0.40219.1
Project("{9A19103F-16F7-4668-BE54-9A1E7A4F7556}") = "Rotativa.AspNetCore", "Rotativa.AspNetCore\Rotativa.AspNetCore.csproj", "{D9D23B29-06C7-4130-84B5-100E9E3DA048}"
EndProject
Project("{9A19103F-16F7-4668-BE54-9A1E7A4F7556}") = "Rotativa.AspNetCore.Demo", "Rotativa.AspNetCore.Demo\Rotativa.AspNetCore.Demo.csproj", "{A8AA8F4D-D5E7-4CD9-8763-73FE11DE9944}"
EndProject
Project("{FAE04EC0-301F-11D3-BF4B-00C04F79EFBC}") = "Rotativa.AspNetCore.Tests", "Rotativa.AspNetCore.Tests\Rotativa.AspNetCore.Tests.csproj", "{1E7D40E6-CC52-410E-8C69-9AE066D977D2}"
EndProject
Project("{FAE04EC0-301F-11D3-BF4B-00C04F79EFBC}") = "Rotativa.AspNetCore3.0.Demo", "Rotativa.AspNetCore3.0.Demo\Rotativa.AspNetCore3.0.Demo.csproj", "{94EAE1DC-129D-40F4-AAB7-5E654A1A1533}"
EndProject
Global
	GlobalSection(SolutionConfigurationPlatforms) = preSolution
		Debug|Any CPU = Debug|Any CPU
		Release|Any CPU = Release|Any CPU
	EndGlobalSection
	GlobalSection(ProjectConfigurationPlatforms) = postSolution
		{D9D23B29-06C7-4130-84B5-100E9E3DA048}.Debug|Any CPU.ActiveCfg = Debug|Any CPU
		{D9D23B29-06C7-4130-84B5-100E9E3DA048}.Debug|Any CPU.Build.0 = Debug|Any CPU
		{D9D23B29-06C7-4130-84B5-100E9E3DA048}.Release|Any CPU.ActiveCfg = Release|Any CPU
		{D9D23B29-06C7-4130-84B5-100E9E3DA048}.Release|Any CPU.Build.0 = Release|Any CPU
		{A8AA8F4D-D5E7-4CD9-8763-73FE11DE9944}.Debug|Any CPU.ActiveCfg = Debug|Any CPU
		{A8AA8F4D-D5E7-4CD9-8763-73FE11DE9944}.Debug|Any CPU.Build.0 = Debug|Any CPU
		{A8AA8F4D-D5E7-4CD9-8763-73FE11DE9944}.Release|Any CPU.ActiveCfg = Release|Any CPU
		{A8AA8F4D-D5E7-4CD9-8763-73FE11DE9944}.Release|Any CPU.Build.0 = Release|Any CPU
		{1E7D40E6-CC52-410E-8C69-9AE066D977D2}.Debug|Any CPU.ActiveCfg = Debug|Any CPU
		{1E7D40E6-CC52-410E-8C69-9AE066D977D2}.Debug|Any CPU.Build.0 = Debug|Any CPU
		{1E7D40E6-CC52-410E-8C69-9AE066D977D2}.Release|Any CPU.ActiveCfg = Release|Any CPU
		{1E7D40E6-CC52-410E-8C69-9AE066D977D2}.Release|Any CPU.Build.0 = Release|Any CPU
		{94EAE1DC-129D-40F4-AAB7-5E654A1A1533}.Debug|Any CPU.ActiveCfg = Debug|Any CPU
		{94EAE1DC-129D-40F4-AAB7-5E654A1A1533}.Debug|Any CPU.Build.0 = Debug|Any CPU
		{94EAE1DC-129D-40F4-AAB7-5E654A1A1533}.Release|Any CPU.ActiveCfg = Release|Any CPU
		{94EAE1DC-129D-40F4-AAB7-5E654A1A1533}.Release|Any CPU.Build.0 = Release|Any CPU
	EndGlobalSection
	GlobalSection(SolutionProperties) = preSolution
		HideSolutionNode = FALSE
	EndGlobalSection
	GlobalSection(ExtensibilityGlobals) = postSolution
		SolutionGuid = {F5FF02A0-3252-4BEA-AE12-678DC7E49D38}
	EndGlobalSection
EndGlobal
