
Microsoft Visual Studio Solution File, Format Version 12.00
# Visual Studio 15
VisualStudioVersion = 15.0.27004.2010
MinimumVisualStudioVersion = 10.0.40219.1
Project("{FAE04EC0-301F-11D3-BF4B-00C04F79EFBC}") = "Rotativa.AspNetCore.Tests", "Rotativa.AspNetCore.Tests\Rotativa.AspNetCore.Tests.csproj", "{1E7D40E6-CC52-410E-8C69-9AE066D977D2}"
EndProject
Global
	GlobalSection(SolutionConfigurationPlatforms) = preSolution
		Debug|Any CPU = Debug|Any CPU
		Release|Any CPU = Release|Any CPU
	EndGlobalSection
	GlobalSection(ProjectConfigurationPlatforms) = postSolution
		{1E7D40E6-CC52-410E-8C69-9AE066D977D2}.Debug|Any CPU.ActiveCfg = Debug|Any CPU
		{1E7D40E6-CC52-410E-8C69-9AE066D977D2}.Debug|Any CPU.Build.0 = Debug|Any CPU
		{1E7D40E6-CC52-410E-8C69-9AE066D977D2}.Release|Any CPU.ActiveCfg = Release|Any CPU
		{1E7D40E6-CC52-410E-8C69-9AE066D977D2}.Release|Any CPU.Build.0 = Release|Any CPU
	EndGlobalSection
	GlobalSection(SolutionProperties) = preSolution
		HideSolutionNode = FALSE
	EndGlobalSection
	GlobalSection(ExtensibilityGlobals) = postSolution
		SolutionGuid = {F5FF02A0-3252-4BEA-AE12-678DC7E49D38}
	EndGlobalSection
EndGlobal
