
Microsoft Visual Studio Solution File, Format Version 12.00
# Visual Studio Version 17
VisualStudioVersion = 17.5.33627.172
MinimumVisualStudioVersion = 10.0.40219.1
Project("{9A19103F-16F7-4668-BE54-9A1E7A4F7556}") = "Rotativa.AspNetCore", "Rotativa.AspNetCore\Rotativa.AspNetCore.csproj", "{D9D23B29-06C7-4130-84B5-100E9E3DA048}"
EndProject
Project("{9A19103F-16F7-4668-BE54-9A1E7A4F7556}") = "Rotativa.AspNetCore.DemoApp", "Rotativa.AspNetCore.DemoApp\Rotativa.AspNetCore.DemoApp.csproj", "{9E33D9A0-2F7B-467B-8B58-D62D44C9E0E7}"
EndProject
Project("{9A19103F-16F7-4668-BE54-9A1E7A4F7556}") = "Rotativa.AspNetCore.DemoCore", "Rotativa.AspNetCore.DemoCore\Rotativa.AspNetCore.DemoCore.csproj", "{68798C66-D7C2-46B1-A232-0CFC7BEDD72E}"
EndProject
Project("{9A19103F-16F7-4668-BE54-9A1E7A4F7556}") = "Rotativa.AspNetCore.Demo", "Rotativa.AspNetCore.Demo\Rotativa.AspNetCore.Demo.csproj", "{AC72409F-AAC8-496F-920A-06D92755AC38}"
EndProject
Project("{9A19103F-16F7-4668-BE54-9A1E7A4F7556}") = "Rotativa.AspNetCore.Tests", "Rotativa.AspNetCore.Tests\Rotativa.AspNetCore.Tests.csproj", "{DD6DAABC-D9A0-4744-8FF9-5318EF756524}"
EndProject
Global
	GlobalSection(SolutionConfigurationPlatforms) = preSolution
		Debug|Any CPU = Debug|Any CPU
		Release|Any CPU = Release|Any CPU
	EndGlobalSection
	GlobalSection(ProjectConfigurationPlatforms) = postSolution
		{D9D23B29-06C7-4130-84B5-100E9E3DA048}.Debug|Any CPU.ActiveCfg = Debug|Any CPU
		{D9D23B29-06C7-4130-84B5-100E9E3DA048}.Debug|Any CPU.Build.0 = Debug|Any CPU
		{D9D23B29-06C7-4130-84B5-100E9E3DA048}.Release|Any CPU.ActiveCfg = Release|Any CPU
		{D9D23B29-06C7-4130-84B5-100E9E3DA048}.Release|Any CPU.Build.0 = Release|Any CPU
		{9E33D9A0-2F7B-467B-8B58-D62D44C9E0E7}.Debug|Any CPU.ActiveCfg = Debug|Any CPU
		{9E33D9A0-2F7B-467B-8B58-D62D44C9E0E7}.Debug|Any CPU.Build.0 = Debug|Any CPU
		{9E33D9A0-2F7B-467B-8B58-D62D44C9E0E7}.Release|Any CPU.ActiveCfg = Release|Any CPU
		{9E33D9A0-2F7B-467B-8B58-D62D44C9E0E7}.Release|Any CPU.Build.0 = Release|Any CPU
		{68798C66-D7C2-46B1-A232-0CFC7BEDD72E}.Debug|Any CPU.ActiveCfg = Debug|Any CPU
		{68798C66-D7C2-46B1-A232-0CFC7BEDD72E}.Release|Any CPU.ActiveCfg = Release|Any CPU
		{68798C66-D7C2-46B1-A232-0CFC7BEDD72E}.Release|Any CPU.Build.0 = Release|Any CPU
		{AC72409F-AAC8-496F-920A-06D92755AC38}.Debug|Any CPU.ActiveCfg = Debug|Any CPU
		{AC72409F-AAC8-496F-920A-06D92755AC38}.Debug|Any CPU.Build.0 = Debug|Any CPU
		{AC72409F-AAC8-496F-920A-06D92755AC38}.Release|Any CPU.ActiveCfg = Release|Any CPU
		{AC72409F-AAC8-496F-920A-06D92755AC38}.Release|Any CPU.Build.0 = Release|Any CPU
		{DD6DAABC-D9A0-4744-8FF9-5318EF756524}.Debug|Any CPU.ActiveCfg = Debug|Any CPU
		{DD6DAABC-D9A0-4744-8FF9-5318EF756524}.Debug|Any CPU.Build.0 = Debug|Any CPU
		{DD6DAABC-D9A0-4744-8FF9-5318EF756524}.Release|Any CPU.ActiveCfg = Release|Any CPU
		{DD6DAABC-D9A0-4744-8FF9-5318EF756524}.Release|Any CPU.Build.0 = Release|Any CPU
	EndGlobalSection
	GlobalSection(SolutionProperties) = preSolution
		HideSolutionNode = FALSE
	EndGlobalSection
	GlobalSection(ExtensibilityGlobals) = postSolution
		SolutionGuid = {F5FF02A0-3252-4BEA-AE12-678DC7E49D38}
	EndGlobalSection
EndGlobal
